// !$*UTF8*$!
{
	archiveVersion = 1;
	classes = {
	};
	objectVersion = 46;
	objects = {

/* Begin PBXBuildFile section */
		2173FD7F1E9497AE00BBF6C9 /* AppDelegate.swift in Sources */ = {isa = PBXBuildFile; fileRef = 2173FD7E1E9497AE00BBF6C9 /* AppDelegate.swift */; };
		2173FD811E9497AE00BBF6C9 /* ViewController.swift in Sources */ = {isa = PBXBuildFile; fileRef = 2173FD801E9497AE00BBF6C9 /* ViewController.swift */; };
		2173FD841E9497AE00BBF6C9 /* Main.storyboard in Resources */ = {isa = PBXBuildFile; fileRef = 2173FD821E9497AE00BBF6C9 /* Main.storyboard */; };
		2173FD861E9497AE00BBF6C9 /* Assets.xcassets in Resources */ = {isa = PBXBuildFile; fileRef = 2173FD851E9497AE00BBF6C9 /* Assets.xcassets */; };
		2173FD891E9497AE00BBF6C9 /* LaunchScreen.storyboard in Resources */ = {isa = PBXBuildFile; fileRef = 2173FD871E9497AE00BBF6C9 /* LaunchScreen.storyboard */; };
		2173FD941E9497AE00BBF6C9 /* FlodTableViewDemoTests.swift in Sources */ = {isa = PBXBuildFile; fileRef = 2173FD931E9497AE00BBF6C9 /* FlodTableViewDemoTests.swift */; };
		2173FD9F1E9497AE00BBF6C9 /* FlodTableViewDemoUITests.swift in Sources */ = {isa = PBXBuildFile; fileRef = 2173FD9E1E9497AE00BBF6C9 /* FlodTableViewDemoUITests.swift */; };
		2173FDAE1E949EA300BBF6C9 /* TableViewCell.swift in Sources */ = {isa = PBXBuildFile; fileRef = 2173FDAC1E949EA300BBF6C9 /* TableViewCell.swift */; };
		2173FDAF1E949EA300BBF6C9 /* TableViewCell.xib in Resources */ = {isa = PBXBuildFile; fileRef = 2173FDAD1E949EA300BBF6C9 /* TableViewCell.xib */; };
/* End PBXBuildFile section */

/* Begin PBXContainerItemProxy section */
		2173FD901E9497AE00BBF6C9 /* PBXContainerItemProxy */ = {
			isa = PBXContainerItemProxy;
			containerPortal = 2173FD731E9497AE00BBF6C9 /* Project object */;
			proxyType = 1;
			remoteGlobalIDString = 2173FD7A1E9497AE00BBF6C9;
			remoteInfo = FlodTableViewDemo;
		};
		2173FD9B1E9497AE00BBF6C9 /* PBXContainerItemProxy */ = {
			isa = PBXContainerItemProxy;
			containerPortal = 2173FD731E9497AE00BBF6C9 /* Project object */;
			proxyType = 1;
			remoteGlobalIDString = 2173FD7A1E9497AE00BBF6C9;
			remoteInfo = FlodTableViewDemo;
		};
/* End PBXContainerItemProxy section */

/* Begin PBXFileReference section */
		2173FD7B1E9497AE00BBF6C9 /* FlodTableViewDemo.app */ = {isa = PBXFileReference; explicitFileType = wrapper.application; includeInIndex = 0; path = FlodTableViewDemo.app; sourceTree = BUILT_PRODUCTS_DIR; };
		2173FD7E1E9497AE00BBF6C9 /* AppDelegate.swift */ = {isa = PBXFileReference; lastKnownFileType = sourcecode.swift; path = AppDelegate.swift; sourceTree = "<group>"; };
		2173FD801E9497AE00BBF6C9 /* ViewController.swift */ = {isa = PBXFileReference; lastKnownFileType = sourcecode.swift; path = ViewController.swift; sourceTree = "<group>"; };
		2173FD831E9497AE00BBF6C9 /* Base */ = {isa = PBXFileReference; lastKnownFileType = file.storyboard; name = Base; path = Base.lproj/Main.storyboard; sourceTree = "<group>"; };
		2173FD851E9497AE00BBF6C9 /* Assets.xcassets */ = {isa = PBXFileReference; lastKnownFileType = folder.assetcatalog; path = Assets.xcassets; sourceTree = "<group>"; };
		2173FD881E9497AE00BBF6C9 /* Base */ = {isa = PBXFileReference; lastKnownFileType = file.storyboard; name = Base; path = Base.lproj/LaunchScreen.storyboard; sourceTree = "<group>"; };
		2173FD8A1E9497AE00BBF6C9 /* Info.plist */ = {isa = PBXFileReference; lastKnownFileType = text.plist.xml; path = Info.plist; sourceTree = "<group>"; };
		2173FD8F1E9497AE00BBF6C9 /* FlodTableViewDemoTests.xctest */ = {isa = PBXFileReference; explicitFileType = wrapper.cfbundle; includeInIndex = 0; path = FlodTableViewDemoTests.xctest; sourceTree = BUILT_PRODUCTS_DIR; };
		2173FD931E9497AE00BBF6C9 /* FlodTableViewDemoTests.swift */ = {isa = PBXFileReference; lastKnownFileType = sourcecode.swift; path = FlodTableViewDemoTests.swift; sourceTree = "<group>"; };
		2173FD951E9497AE00BBF6C9 /* Info.plist */ = {isa = PBXFileReference; lastKnownFileType = text.plist.xml; path = Info.plist; sourceTree = "<group>"; };
		2173FD9A1E9497AE00BBF6C9 /* FlodTableViewDemoUITests.xctest */ = {isa = PBXFileReference; explicitFileType = wrapper.cfbundle; includeInIndex = 0; path = FlodTableViewDemoUITests.xctest; sourceTree = BUILT_PRODUCTS_DIR; };
		2173FD9E1E9497AE00BBF6C9 /* FlodTableViewDemoUITests.swift */ = {isa = PBXFileReference; lastKnownFileType = sourcecode.swift; path = FlodTableViewDemoUITests.swift; sourceTree = "<group>"; };
		2173FDA01E9497AE00BBF6C9 /* Info.plist */ = {isa = PBXFileReference; lastKnownFileType = text.plist.xml; path = Info.plist; sourceTree = "<group>"; };
		2173FDAC1E949EA300BBF6C9 /* TableViewCell.swift */ = {isa = PBXFileReference; fileEncoding = 4; lastKnownFileType = sourcecode.swift; path = TableViewCell.swift; sourceTree = "<group>"; };
		2173FDAD1E949EA300BBF6C9 /* TableViewCell.xib */ = {isa = PBXFileReference; fileEncoding = 4; lastKnownFileType = file.xib; path = TableViewCell.xib; sourceTree = "<group>"; };
/* End PBXFileReference section */

/* Begin PBXFrameworksBuildPhase section */
		2173FD781E9497AE00BBF6C9 /* Frameworks */ = {
			isa = PBXFrameworksBuildPhase;
			buildActionMask = 2147483647;
			files = (
			);
			runOnlyForDeploymentPostprocessing = 0;
		};
		2173FD8C1E9497AE00BBF6C9 /* Frameworks */ = {
			isa = PBXFrameworksBuildPhase;
			buildActionMask = 2147483647;
			files = (
			);
			runOnlyForDeploymentPostprocessing = 0;
		};
		2173FD971E9497AE00BBF6C9 /* Frameworks */ = {
			isa = PBXFrameworksBuildPhase;
			buildActionMask = 2147483647;
			files = (
			);
			runOnlyForDeploymentPostprocessing = 0;
		};
/* End PBXFrameworksBuildPhase section */

/* Begin PBXGroup section */
		2173FD721E9497AE00BBF6C9 = {
			isa = PBXGroup;
			children = (
				2173FD7D1E9497AE00BBF6C9 /* FlodTableViewDemo */,
				2173FD921E9497AE00BBF6C9 /* FlodTableViewDemoTests */,
				2173FD9D1E9497AE00BBF6C9 /* FlodTableViewDemoUITests */,
				2173FD7C1E9497AE00BBF6C9 /* Products */,
			);
			sourceTree = "<group>";
		};
		2173FD7C1E9497AE00BBF6C9 /* Products */ = {
			isa = PBXGroup;
			children = (
				2173FD7B1E9497AE00BBF6C9 /* FlodTableViewDemo.app */,
				2173FD8F1E9497AE00BBF6C9 /* FlodTableViewDemoTests.xctest */,
				2173FD9A1E9497AE00BBF6C9 /* FlodTableViewDemoUITests.xctest */,
			);
			name = Products;
			sourceTree = "<group>";
		};
		2173FD7D1E9497AE00BBF6C9 /* FlodTableViewDemo */ = {
			isa = PBXGroup;
			children = (
				2173FD7E1E9497AE00BBF6C9 /* AppDelegate.swift */,
				2173FD801E9497AE00BBF6C9 /* ViewController.swift */,
				2173FDAC1E949EA300BBF6C9 /* TableViewCell.swift */,
				2173FDAD1E949EA300BBF6C9 /* TableViewCell.xib */,
				2173FD821E9497AE00BBF6C9 /* Main.storyboard */,
				2173FD851E9497AE00BBF6C9 /* Assets.xcassets */,
				2173FD871E9497AE00BBF6C9 /* LaunchScreen.storyboard */,
				2173FD8A1E9497AE00BBF6C9 /* Info.plist */,
			);
			path = FlodTableViewDemo;
			sourceTree = "<group>";
		};
		2173FD921E9497AE00BBF6C9 /* FlodTableViewDemoTests */ = {
			isa = PBXGroup;
			children = (
				2173FD931E9497AE00BBF6C9 /* FlodTableViewDemoTests.swift */,
				2173FD951E9497AE00BBF6C9 /* Info.plist */,
			);
			path = FlodTableViewDemoTests;
			sourceTree = "<group>";
		};
		2173FD9D1E9497AE00BBF6C9 /* FlodTableViewDemoUITests */ = {
			isa = PBXGroup;
			children = (
				2173FD9E1E9497AE00BBF6C9 /* FlodTableViewDemoUITests.swift */,
				2173FDA01E9497AE00BBF6C9 /* Info.plist */,
			);
			path = FlodTableViewDemoUITests;
			sourceTree = "<group>";
		};
/* End PBXGroup section */

/* Begin PBXNativeTarget section */
		2173FD7A1E9497AE00BBF6C9 /* FlodTableViewDemo */ = {
			isa = PBXNativeTarget;
			buildConfigurationList = 2173FDA31E9497AE00BBF6C9 /* Build configuration list for PBXNativeTarget "FlodTableViewDemo" */;
			buildPhases = (
				2173FD771E9497AE00BBF6C9 /* Sources */,
				2173FD781E9497AE00BBF6C9 /* Frameworks */,
				2173FD791E9497AE00BBF6C9 /* Resources */,
			);
			buildRules = (
			);
			dependencies = (
			);
			name = FlodTableViewDemo;
			productName = FlodTableViewDemo;
			productReference = 2173FD7B1E9497AE00BBF6C9 /* FlodTableViewDemo.app */;
			productType = "com.apple.product-type.application";
		};
		2173FD8E1E9497AE00BBF6C9 /* FlodTableViewDemoTests */ = {
			isa = PBXNativeTarget;
			buildConfigurationList = 2173FDA61E9497AE00BBF6C9 /* Build configuration list for PBXNativeTarget "FlodTableViewDemoTests" */;
			buildPhases = (
				2173FD8B1E9497AE00BBF6C9 /* Sources */,
				2173FD8C1E9497AE00BBF6C9 /* Frameworks */,
				2173FD8D1E9497AE00BBF6C9 /* Resources */,
			);
			buildRules = (
			);
			dependencies = (
				2173FD911E9497AE00BBF6C9 /* PBXTargetDependency */,
			);
			name = FlodTableViewDemoTests;
			productName = FlodTableViewDemoTests;
			productReference = 2173FD8F1E9497AE00BBF6C9 /* FlodTableViewDemoTests.xctest */;
			productType = "com.apple.product-type.bundle.unit-test";
		};
		2173FD991E9497AE00BBF6C9 /* FlodTableViewDemoUITests */ = {
			isa = PBXNativeTarget;
			buildConfigurationList = 2173FDA91E9497AE00BBF6C9 /* Build configuration list for PBXNativeTarget "FlodTableViewDemoUITests" */;
			buildPhases = (
				2173FD961E9497AE00BBF6C9 /* Sources */,
				2173FD971E9497AE00BBF6C9 /* Frameworks */,
				2173FD981E9497AE00BBF6C9 /* Resources */,
			);
			buildRules = (
			);
			dependencies = (
				2173FD9C1E9497AE00BBF6C9 /* PBXTargetDependency */,
			);
			name = FlodTableViewDemoUITests;
			productName = FlodTableViewDemoUITests;
			productReference = 2173FD9A1E9497AE00BBF6C9 /* FlodTableViewDemoUITests.xctest */;
			productType = "com.apple.product-type.bundle.ui-testing";
		};
/* End PBXNativeTarget section */

/* Begin PBXProject section */
		2173FD731E9497AE00BBF6C9 /* Project object */ = {
			isa = PBXProject;
			attributes = {
				LastSwiftUpdateCheck = 0810;
				LastUpgradeCheck = 0810;
				ORGANIZATIONNAME = Feng;
				TargetAttributes = {
					2173FD7A1E9497AE00BBF6C9 = {
						CreatedOnToolsVersion = 8.1;
						DevelopmentTeam = 79SF335V73;
						ProvisioningStyle = Automatic;
					};
					2173FD8E1E9497AE00BBF6C9 = {
						CreatedOnToolsVersion = 8.1;
						DevelopmentTeam = 79SF335V73;
						ProvisioningStyle = Automatic;
						TestTargetID = 2173FD7A1E9497AE00BBF6C9;
					};
					2173FD991E9497AE00BBF6C9 = {
						CreatedOnToolsVersion = 8.1;
						DevelopmentTeam = 79SF335V73;
						ProvisioningStyle = Automatic;
						TestTargetID = 2173FD7A1E9497AE00BBF6C9;
					};
				};
			};
			buildConfigurationList = 2173FD761E9497AE00BBF6C9 /* Build configuration list for PBXProject "FlodTableViewDemo" */;
			compatibilityVersion = "Xcode 3.2";
			developmentRegion = English;
			hasScannedForEncodings = 0;
			knownRegions = (
				en,
				Base,
			);
			mainGroup = 2173FD721E9497AE00BBF6C9;
			productRefGroup = 2173FD7C1E9497AE00BBF6C9 /* Products */;
			projectDirPath = "";
			projectRoot = "";
			targets = (
				2173FD7A1E9497AE00BBF6C9 /* FlodTableViewDemo */,
				2173FD8E1E9497AE00BBF6C9 /* FlodTableViewDemoTests */,
				2173FD991E9497AE00BBF6C9 /* FlodTableViewDemoUITests */,
			);
		};
/* End PBXProject section */

/* Begin PBXResourcesBuildPhase section */
		2173FD791E9497AE00BBF6C9 /* Resources */ = {
			isa = PBXResourcesBuildPhase;
			buildActionMask = 2147483647;
			files = (
				2173FD891E9497AE00BBF6C9 /* LaunchScreen.storyboard in Resources */,
				2173FDAF1E949EA300BBF6C9 /* TableViewCell.xib in Resources */,
				2173FD861E9497AE00BBF6C9 /* Assets.xcassets in Resources */,
				2173FD841E9497AE00BBF6C9 /* Main.storyboard in Resources */,
			);
			runOnlyForDeploymentPostprocessing = 0;
		};
		2173FD8D1E9497AE00BBF6C9 /* Resources */ = {
			isa = PBXResourcesBuildPhase;
			buildActionMask = 2147483647;
			files = (
			);
			runOnlyForDeploymentPostprocessing = 0;
		};
		2173FD981E9497AE00BBF6C9 /* Resources */ = {
			isa = PBXResourcesBuildPhase;
			buildActionMask = 2147483647;
			files = (
			);
			runOnlyForDeploymentPostprocessing = 0;
		};
/* End PBXResourcesBuildPhase section */

/* Begin PBXSourcesBuildPhase section */
		2173FD771E9497AE00BBF6C9 /* Sources */ = {
			isa = PBXSourcesBuildPhase;
			buildActionMask = 2147483647;
			files = (
				2173FDAE1E949EA300BBF6C9 /* TableViewCell.swift in Sources */,
				2173FD811E9497AE00BBF6C9 /* ViewController.swift in Sources */,
				2173FD7F1E9497AE00BBF6C9 /* AppDelegate.swift in Sources */,
			);
			runOnlyForDeploymentPostprocessing = 0;
		};
		2173FD8B1E9497AE00BBF6C9 /* Sources */ = {
			isa = PBXSourcesBuildPhase;
			buildActionMask = 2147483647;
			files = (
				2173FD941E9497AE00BBF6C9 /* FlodTableViewDemoTests.swift in Sources */,
			);
			runOnlyForDeploymentPostprocessing = 0;
		};
		2173FD961E9497AE00BBF6C9 /* Sources */ = {
			isa = PBXSourcesBuildPhase;
			buildActionMask = 2147483647;
			files = (
				2173FD9F1E9497AE00BBF6C9 /* FlodTableViewDemoUITests.swift in Sources */,
			);
			runOnlyForDeploymentPostprocessing = 0;
		};
/* End PBXSourcesBuildPhase section */

/* Begin PBXTargetDependency section */
		2173FD911E9497AE00BBF6C9 /* PBXTargetDependency */ = {
			isa = PBXTargetDependency;
			target = 2173FD7A1E9497AE00BBF6C9 /* FlodTableViewDemo */;
			targetProxy = 2173FD901E9497AE00BBF6C9 /* PBXContainerItemProxy */;
		};
		2173FD9C1E9497AE00BBF6C9 /* PBXTargetDependency */ = {
			isa = PBXTargetDependency;
			target = 2173FD7A1E9497AE00BBF6C9 /* FlodTableViewDemo */;
			targetProxy = 2173FD9B1E9497AE00BBF6C9 /* PBXContainerItemProxy */;
		};
/* End PBXTargetDependency section */

/* Begin PBXVariantGroup section */
		2173FD821E9497AE00BBF6C9 /* Main.storyboard */ = {
			isa = PBXVariantGroup;
			children = (
				2173FD831E9497AE00BBF6C9 /* Base */,
			);
			name = Main.storyboard;
			sourceTree = "<group>";
		};
		2173FD871E9497AE00BBF6C9 /* LaunchScreen.storyboard */ = {
			isa = PBXVariantGroup;
			children = (
				2173FD881E9497AE00BBF6C9 /* Base */,
			);
			name = LaunchScreen.storyboard;
			sourceTree = "<group>";
		};
/* End PBXVariantGroup section */

/* Begin XCBuildConfiguration section */
		2173FDA11E9497AE00BBF6C9 /* Debug */ = {
			isa = XCBuildConfiguration;
			buildSettings = {
				ALWAYS_SEARCH_USER_PATHS = NO;
				CLANG_ANALYZER_NONNULL = YES;
				CLANG_CXX_LANGUAGE_STANDARD = "gnu++0x";
				CLANG_CXX_LIBRARY = "libc++";
				CLANG_ENABLE_MODULES = YES;
				CLANG_ENABLE_OBJC_ARC = YES;
				CLANG_WARN_BOOL_CONVERSION = YES;
				CLANG_WARN_CONSTANT_CONVERSION = YES;
				CLANG_WARN_DIRECT_OBJC_ISA_USAGE = YES_ERROR;
				CLANG_WARN_DOCUMENTATION_COMMENTS = YES;
				CLANG_WARN_EMPTY_BODY = YES;
				CLANG_WARN_ENUM_CONVERSION = YES;
				CLANG_WARN_INFINITE_RECURSION = YES;
				CLANG_WARN_INT_CONVERSION = YES;
				CLANG_WARN_OBJC_ROOT_CLASS = YES_ERROR;
				CLANG_WARN_SUSPICIOUS_MOVES = YES;
				CLANG_WARN_UNREACHABLE_CODE = YES;
				CLANG_WARN__DUPLICATE_METHOD_MATCH = YES;
				"CODE_SIGN_IDENTITY[sdk=iphoneos*]" = "iPhone Developer";
				COPY_PHASE_STRIP = NO;
				DEBUG_INFORMATION_FORMAT = dwarf;
				ENABLE_STRICT_OBJC_MSGSEND = YES;
				ENABLE_TESTABILITY = YES;
				GCC_C_LANGUAGE_STANDARD = gnu99;
				GCC_DYNAMIC_NO_PIC = NO;
				GCC_NO_COMMON_BLOCKS = YES;
				GCC_OPTIMIZATION_LEVEL = 0;
				GCC_PREPROCESSOR_DEFINITIONS = (
					"DEBUG=1",
					"$(inherited)",
				);
				GCC_WARN_64_TO_32_BIT_CONVERSION = YES;
				GCC_WARN_ABOUT_RETURN_TYPE = YES_ERROR;
				GCC_WARN_UNDECLARED_SELECTOR = YES;
				GCC_WARN_UNINITIALIZED_AUTOS = YES_AGGRESSIVE;
				GCC_WARN_UNUSED_FUNCTION = YES;
				GCC_WARN_UNUSED_VARIABLE = YES;
				IPHONEOS_DEPLOYMENT_TARGET = 10.1;
				MTL_ENABLE_DEBUG_INFO = YES;
				ONLY_ACTIVE_ARCH = YES;
				SDKROOT = iphoneos;
				SWIFT_ACTIVE_COMPILATION_CONDITIONS = DEBUG;
				SWIFT_OPTIMIZATION_LEVEL = "-Onone";
			};
			name = Debug;
		};
		2173FDA21E9497AE00BBF6C9 /* Release */ = {
			isa = XCBuildConfiguration;
			buildSettings = {
				ALWAYS_SEARCH_USER_PATHS = NO;
				CLANG_ANALYZER_NONNULL = YES;
				CLANG_CXX_LANGUAGE_STANDARD = "gnu++0x";
				CLANG_CXX_LIBRARY = "libc++";
				CLANG_ENABLE_MODULES = YES;
				CLANG_ENABLE_OBJC_ARC = YES;
				CLANG_WARN_BOOL_CONVERSION = YES;
				CLANG_WARN_CONSTANT_CONVERSION = YES;
				CLANG_WARN_DIRECT_OBJC_ISA_USAGE = YES_ERROR;
				CLANG_WARN_DOCUMENTATION_COMMENTS = YES;
				CLANG_WARN_EMPTY_BODY = YES;
				CLANG_WARN_ENUM_CONVERSION = YES;
				CLANG_WARN_INFINITE_RECURSION = YES;
				CLANG_WARN_INT_CONVERSION = YES;
				CLANG_WARN_OBJC_ROOT_CLASS = YES_ERROR;
				CLANG_WARN_SUSPICIOUS_MOVES = YES;
				CLANG_WARN_UNREACHABLE_CODE = YES;
				CLANG_WARN__DUPLICATE_METHOD_MATCH = YES;
				"CODE_SIGN_IDENTITY[sdk=iphoneos*]" = "iPhone Developer";
				COPY_PHASE_STRIP = NO;
				DEBUG_INFORMATION_FORMAT = "dwarf-with-dsym";
				ENABLE_NS_ASSERTIONS = NO;
				ENABLE_STRICT_OBJC_MSGSEND = YES;
				GCC_C_LANGUAGE_STANDARD = gnu99;
				GCC_NO_COMMON_BLOCKS = YES;
				GCC_WARN_64_TO_32_BIT_CONVERSION = YES;
				GCC_WARN_ABOUT_RETURN_TYPE = YES_ERROR;
				GCC_WARN_UNDECLARED_SELECTOR = YES;
				GCC_WARN_UNINITIALIZED_AUTOS = YES_AGGRESSIVE;
				GCC_WARN_UNUSED_FUNCTION = YES;
				GCC_WARN_UNUSED_VARIABLE = YES;
				IPHONEOS_DEPLOYMENT_TARGET = 10.1;
				MTL_ENABLE_DEBUG_INFO = NO;
				SDKROOT = iphoneos;
				SWIFT_OPTIMIZATION_LEVEL = "-Owholemodule";
				VALIDATE_PRODUCT = YES;
			};
			name = Release;
		};
		2173FDA41E9497AE00BBF6C9 /* Debug */ = {
			isa = XCBuildConfiguration;
			buildSettings = {
				ASSETCATALOG_COMPILER_APPICON_NAME = AppIcon;
				DEVELOPMENT_TEAM = 79SF335V73;
				INFOPLIST_FILE = FlodTableViewDemo/Info.plist;
				LD_RUNPATH_SEARCH_PATHS = "$(inherited) @executable_path/Frameworks";
				PRODUCT_BUNDLE_IDENTIFIER = com.ake.FlodTableViewDemo;
				PRODUCT_NAME = "$(TARGET_NAME)";
				SWIFT_VERSION = 3.0;
			};
			name = Debug;
		};
		2173FDA51E9497AE00BBF6C9 /* Release */ = {
			isa = XCBuildConfiguration;
			buildSettings = {
				ASSETCATALOG_COMPILER_APPICON_NAME = AppIcon;
				DEVELOPMENT_TEAM = 79SF335V73;
				INFOPLIST_FILE = FlodTableViewDemo/Info.plist;
				LD_RUNPATH_SEARCH_PATHS = "$(inherited) @executable_path/Frameworks";
				PRODUCT_BUNDLE_IDENTIFIER = com.ake.FlodTableViewDemo;
				PRODUCT_NAME = "$(TARGET_NAME)";
				SWIFT_VERSION = 3.0;
			};
			name = Release;
		};
		2173FDA71E9497AE00BBF6C9 /* Debug */ = {
			isa = XCBuildConfiguration;
			buildSettings = {
				ALWAYS_EMBED_SWIFT_STANDARD_LIBRARIES = YES;
				BUNDLE_LOADER = "$(TEST_HOST)";
				DEVELOPMENT_TEAM = 79SF335V73;
				INFOPLIST_FILE = FlodTableViewDemoTests/Info.plist;
				LD_RUNPATH_SEARCH_PATHS = "$(inherited) @executable_path/Frameworks @loader_path/Frameworks";
				PRODUCT_BUNDLE_IDENTIFIER = com.ake.FlodTableViewDemoTests;
				PRODUCT_NAME = "$(TARGET_NAME)";
				SWIFT_VERSION = 3.0;
				TEST_HOST = "$(BUILT_PRODUCTS_DIR)/FlodTableViewDemo.app/FlodTableViewDemo";
			};
			name = Debug;
		};
		2173FDA81E9497AE00BBF6C9 /* Release */ = {
			isa = XCBuildConfiguration;
			buildSettings = {
				ALWAYS_EMBED_SWIFT_STANDARD_LIBRARIES = YES;
				BUNDLE_LOADER = "$(TEST_HOST)";
				DEVELOPMENT_TEAM = 79SF335V73;
				INFOPLIST_FILE = FlodTableViewDemoTests/Info.plist;
				LD_RUNPATH_SEARCH_PATHS = "$(inherited) @executable_path/Frameworks @loader_path/Frameworks";
				PRODUCT_BUNDLE_IDENTIFIER = com.ake.FlodTableViewDemoTests;
				PRODUCT_NAME = "$(TARGET_NAME)";
				SWIFT_VERSION = 3.0;
				TEST_HOST = "$(BUILT_PRODUCTS_DIR)/FlodTableViewDemo.app/FlodTableViewDemo";
			};
			name = Release;
		};
		2173FDAA1E9497AE00BBF6C9 /* Debug */ = {
			isa = XCBuildConfiguration;
			buildSettings = {
				ALWAYS_EMBED_SWIFT_STANDARD_LIBRARIES = YES;
				DEVELOPMENT_TEAM = 79SF335V73;
				INFOPLIST_FILE = FlodTableViewDemoUITests/Info.plist;
				LD_RUNPATH_SEARCH_PATHS = "$(inherited) @executable_path/Frameworks @loader_path/Frameworks";
				PRODUCT_BUNDLE_IDENTIFIER = com.ake.FlodTableViewDemoUITests;
				PRODUCT_NAME = "$(TARGET_NAME)";
				SWIFT_VERSION = 3.0;
				TEST_TARGET_NAME = FlodTableViewDemo;
			};
			name = Debug;
		};
		2173FDAB1E9497AE00BBF6C9 /* Release */ = {
			isa = XCBuildConfiguration;
			buildSettings = {
				ALWAYS_EMBED_SWIFT_STANDARD_LIBRARIES = YES;
				DEVELOPMENT_TEAM = 79SF335V73;
				INFOPLIST_FILE = FlodTableViewDemoUITests/Info.plist;
				LD_RUNPATH_SEARCH_PATHS = "$(inherited) @executable_path/Frameworks @loader_path/Frameworks";
				PRODUCT_BUNDLE_IDENTIFIER = com.ake.FlodTableViewDemoUITests;
				PRODUCT_NAME = "$(TARGET_NAME)";
				SWIFT_VERSION = 3.0;
				TEST_TARGET_NAME = FlodTableViewDemo;
			};
			name = Release;
		};
/* End XCBuildConfiguration section */

/* Begin XCConfigurationList section */
		2173FD761E9497AE00BBF6C9 /* Build configuration list for PBXProject "FlodTableViewDemo" */ = {
			isa = XCConfigurationList;
			buildConfigurations = (
				2173FDA11E9497AE00BBF6C9 /* Debug */,
				2173FDA21E9497AE00BBF6C9 /* Release */,
			);
			defaultConfigurationIsVisible = 0;
			defaultConfigurationName = Release;
		};
		2173FDA31E9497AE00BBF6C9 /* Build configuration list for PBXNativeTarget "FlodTableViewDemo" */ = {
			isa = XCConfigurationList;
			buildConfigurations = (
				2173FDA41E9497AE00BBF6C9 /* Debug */,
				2173FDA51E9497AE00BBF6C9 /* Release */,
			);
			defaultConfigurationIsVisible = 0;
		};
		2173FDA61E9497AE00BBF6C9 /* Build configuration list for PBXNativeTarget "FlodTableViewDemoTests" */ = {
			isa = XCConfigurationList;
			buildConfigurations = (
				2173FDA71E9497AE00BBF6C9 /* Debug */,
				2173FDA81E9497AE00BBF6C9 /* Release */,
			);
			defaultConfigurationIsVisible = 0;
		};
		2173FDA91E9497AE00BBF6C9 /* Build configuration list for PBXNativeTarget "FlodTableViewDemoUITests" */ = {
			isa = XCConfigurationList;
			buildConfigurations = (
				2173FDAA1E9497AE00BBF6C9 /* Debug */,
				2173FDAB1E9497AE00BBF6C9 /* Release */,
			);
			defaultConfigurationIsVisible = 0;
		};
/* End XCConfigurationList section */
	};
	rootObject = 2173FD731E9497AE00BBF6C9 /* Project object */;
}
